
Microsoft Visual Studio Solution File, Format Version 12.00
# Visual Studio Version 17
VisualStudioVersion = 17.4.33403.182
MinimumVisualStudioVersion = 10.0.40219.1
Project("{FAE04EC0-301F-11D3-BF4B-00C04F79EFBC}") = "WebAPI", "B2BBackend\WebAPI\WebAPI.csproj", "{4F2441A9-3326-4519-85FC-BFCCDEB563FC}"
EndProject
Project("{FAE04EC0-301F-11D3-BF4B-00C04F79EFBC}") = "Business", "B2BBackend\Business\Business.csproj", "{4F30B6D0-7B19-4280-9660-1B3FE464EA05}"
EndProject
Project("{FAE04EC0-301F-11D3-BF4B-00C04F79EFBC}") = "DataAccess", "B2BBackend\DataAccess\DataAccess.csproj", "{6EBE6F3C-6AF6-45E1-9481-42B46F35F25A}"
EndProject
Project("{FAE04EC0-301F-11D3-BF4B-00C04F79EFBC}") = "Core", "B2BBackend\Core\Core.csproj", "{A33D2B4B-6ADD-4DCD-A025-447B6C160006}"
EndProject
Project("{FAE04EC0-301F-11D3-BF4B-00C04F79EFBC}") = "Entities", "B2BBackend\Entities\Entities.csproj", "{05217937-B5C3-42D1-A354-4F558D5309C3}"
EndProject
Global
	GlobalSection(SolutionConfigurationPlatforms) = preSolution
		Debug|Any CPU = Debug|Any CPU
		Release|Any CPU = Release|Any CPU
	EndGlobalSection
	GlobalSection(ProjectConfigurationPlatforms) = postSolution
		{4F2441A9-3326-4519-85FC-BFCCDEB563FC}.Debug|Any CPU.ActiveCfg = Debug|Any CPU
		{4F2441A9-3326-4519-85FC-BFCCDEB563FC}.Debug|Any CPU.Build.0 = Debug|Any CPU
		{4F2441A9-3326-4519-85FC-BFCCDEB563FC}.Release|Any CPU.ActiveCfg = Release|Any CPU
		{4F2441A9-3326-4519-85FC-BFCCDEB563FC}.Release|Any CPU.Build.0 = Release|Any CPU
		{4F30B6D0-7B19-4280-9660-1B3FE464EA05}.Debug|Any CPU.ActiveCfg = Debug|Any CPU
		{4F30B6D0-7B19-4280-9660-1B3FE464EA05}.Debug|Any CPU.Build.0 = Debug|Any CPU
		{4F30B6D0-7B19-4280-9660-1B3FE464EA05}.Release|Any CPU.ActiveCfg = Release|Any CPU
		{4F30B6D0-7B19-4280-9660-1B3FE464EA05}.Release|Any CPU.Build.0 = Release|Any CPU
		{6EBE6F3C-6AF6-45E1-9481-42B46F35F25A}.Debug|Any CPU.ActiveCfg = Debug|Any CPU
		{6EBE6F3C-6AF6-45E1-9481-42B46F35F25A}.Debug|Any CPU.Build.0 = Debug|Any CPU
		{6EBE6F3C-6AF6-45E1-9481-42B46F35F25A}.Release|Any CPU.ActiveCfg = Release|Any CPU
		{6EBE6F3C-6AF6-45E1-9481-42B46F35F25A}.Release|Any CPU.Build.0 = Release|Any CPU
		{A33D2B4B-6ADD-4DCD-A025-447B6C160006}.Debug|Any CPU.ActiveCfg = Debug|Any CPU
		{A33D2B4B-6ADD-4DCD-A025-447B6C160006}.Debug|Any CPU.Build.0 = Debug|Any CPU
		{A33D2B4B-6ADD-4DCD-A025-447B6C160006}.Release|Any CPU.ActiveCfg = Release|Any CPU
		{A33D2B4B-6ADD-4DCD-A025-447B6C160006}.Release|Any CPU.Build.0 = Release|Any CPU
		{05217937-B5C3-42D1-A354-4F558D5309C3}.Debug|Any CPU.ActiveCfg = Debug|Any CPU
		{05217937-B5C3-42D1-A354-4F558D5309C3}.Debug|Any CPU.Build.0 = Debug|Any CPU
		{05217937-B5C3-42D1-A354-4F558D5309C3}.Release|Any CPU.ActiveCfg = Release|Any CPU
		{05217937-B5C3-42D1-A354-4F558D5309C3}.Release|Any CPU.Build.0 = Release|Any CPU
	EndGlobalSection
	GlobalSection(SolutionProperties) = preSolution
		HideSolutionNode = FALSE
	EndGlobalSection
	GlobalSection(ExtensibilityGlobals) = postSolution
		SolutionGuid = {94FDBE29-551D-4B1C-81E2-869DC3409D4F}
	EndGlobalSection
EndGlobal
